
Microsoft Visual Studio Solution File, Format Version 12.00
# Visual Studio Version 16
VisualStudioVersion = 16.0.30907.101
MinimumVisualStudioVersion = 10.0.40219.1
Project("{FAE04EC0-301F-11D3-BF4B-00C04F79EFBC}") = "Calculator", "Calculator\Calculator.csproj", "{8959E249-0FD2-42D4-B87B-A215B41AD3AA}"
EndProject
Global
	GlobalSection(SolutionConfigurationPlatforms) = preSolution
		Debug|Any CPU = Debug|Any CPU
		Release|Any CPU = Release|Any CPU
	EndGlobalSection
	GlobalSection(ProjectConfigurationPlatforms) = postSolution
		{8959E249-0FD2-42D4-B87B-A215B41AD3AA}.Debug|Any CPU.ActiveCfg = Debug|Any CPU
		{8959E249-0FD2-42D4-B87B-A215B41AD3AA}.Debug|Any CPU.Build.0 = Debug|Any CPU
		{8959E249-0FD2-42D4-B87B-A215B41AD3AA}.Release|Any CPU.ActiveCfg = Release|Any CPU
		{8959E249-0FD2-42D4-B87B-A215B41AD3AA}.Release|Any CPU.Build.0 = Release|Any CPU
	EndGlobalSection
	GlobalSection(SolutionProperties) = preSolution
		HideSolutionNode = FALSE
	EndGlobalSection
	GlobalSection(ExtensibilityGlobals) = postSolution
		SolutionGuid = {D7AEA05F-35FD-46F0-A47B-BCB0BD2E6D54}
	EndGlobalSection
EndGlobal
